
Microsoft Visual Studio Solution File, Format Version 12.00
# Visual Studio Version 16
VisualStudioVersion = 16.0.29503.13
MinimumVisualStudioVersion = 10.0.40219.1
Project("{FAE04EC0-301F-11D3-BF4B-00C04F79EFBC}") = "ConsoleApp1", "ConsoleApp1\ConsoleApp1.csproj", "{7A272038-5671-4EF3-AEEE-4E7F8FAA3E53}"
EndProject
Global
	GlobalSection(SolutionConfigurationPlatforms) = preSolution
		Debug|Any CPU = Debug|Any CPU
		Release|Any CPU = Release|Any CPU
	EndGlobalSection
	GlobalSection(ProjectConfigurationPlatforms) = postSolution
		{7A272038-5671-4EF3-AEEE-4E7F8FAA3E53}.Debug|Any CPU.ActiveCfg = Debug|Any CPU
		{7A272038-5671-4EF3-AEEE-4E7F8FAA3E53}.Debug|Any CPU.Build.0 = Debug|Any CPU
		{7A272038-5671-4EF3-AEEE-4E7F8FAA3E53}.Release|Any CPU.ActiveCfg = Release|Any CPU
		{7A272038-5671-4EF3-AEEE-4E7F8FAA3E53}.Release|Any CPU.Build.0 = Release|Any CPU
	EndGlobalSection
	GlobalSection(SolutionProperties) = preSolution
		HideSolutionNode = FALSE
	EndGlobalSection
	GlobalSection(ExtensibilityGlobals) = postSolution
		SolutionGuid = {C7D2DBBD-C633-4A35-A2A2-C2436BF530B5}
	EndGlobalSection
EndGlobal
